
Microsoft Visual Studio Solution File, Format Version 12.00
# Visual Studio Version 16
VisualStudioVersion = 16.0.29709.97
MinimumVisualStudioVersion = 10.0.40219.1
Project("{FAE04EC0-301F-11D3-BF4B-00C04F79EFBC}") = "BibliotecaOnRenan", "BibliotecaOnRenan\BibliotecaOnRenan.csproj", "{21822CFA-72F3-4034-9897-C9A5A43E91EE}"
EndProject
Global
	GlobalSection(SolutionConfigurationPlatforms) = preSolution
		Debug|Any CPU = Debug|Any CPU
		Release|Any CPU = Release|Any CPU
	EndGlobalSection
	GlobalSection(ProjectConfigurationPlatforms) = postSolution
		{21822CFA-72F3-4034-9897-C9A5A43E91EE}.Debug|Any CPU.ActiveCfg = Debug|Any CPU
		{21822CFA-72F3-4034-9897-C9A5A43E91EE}.Debug|Any CPU.Build.0 = Debug|Any CPU
		{21822CFA-72F3-4034-9897-C9A5A43E91EE}.Release|Any CPU.ActiveCfg = Release|Any CPU
		{21822CFA-72F3-4034-9897-C9A5A43E91EE}.Release|Any CPU.Build.0 = Release|Any CPU
	EndGlobalSection
	GlobalSection(SolutionProperties) = preSolution
		HideSolutionNode = FALSE
	EndGlobalSection
	GlobalSection(ExtensibilityGlobals) = postSolution
		SolutionGuid = {C4AA3216-59A2-4BDA-8974-B47442839993}
	EndGlobalSection
EndGlobal
